
Microsoft Visual Studio Solution File, Format Version 12.00
# Visual Studio Version 16
VisualStudioVersion = 16.0.31624.102
MinimumVisualStudioVersion = 10.0.40219.1
Project("{FAE04EC0-301F-11D3-BF4B-00C04F79EFBC}") = "serverless-signalr-poc", "serverless-signalr-poc\serverless-signalr-poc.csproj", "{23EC92AE-1CC8-4A93-B089-40B5D786A1A3}"
EndProject
Global
	GlobalSection(SolutionConfigurationPlatforms) = preSolution
		Debug|Any CPU = Debug|Any CPU
		Release|Any CPU = Release|Any CPU
	EndGlobalSection
	GlobalSection(ProjectConfigurationPlatforms) = postSolution
		{23EC92AE-1CC8-4A93-B089-40B5D786A1A3}.Debug|Any CPU.ActiveCfg = Debug|Any CPU
		{23EC92AE-1CC8-4A93-B089-40B5D786A1A3}.Debug|Any CPU.Build.0 = Debug|Any CPU
		{23EC92AE-1CC8-4A93-B089-40B5D786A1A3}.Release|Any CPU.ActiveCfg = Release|Any CPU
		{23EC92AE-1CC8-4A93-B089-40B5D786A1A3}.Release|Any CPU.Build.0 = Release|Any CPU
	EndGlobalSection
	GlobalSection(SolutionProperties) = preSolution
		HideSolutionNode = FALSE
	EndGlobalSection
	GlobalSection(ExtensibilityGlobals) = postSolution
		SolutionGuid = {5518F9EB-ECFD-42BF-9A02-5B46A0B12BFE}
	EndGlobalSection
EndGlobal
